Microsoft Visual Studio Solution File, Format Version 12.00
# Visual Studio Version 17
VisualStudioVersion = 17.13.35825.156
MinimumVisualStudioVersion = 10.0.40219.1
Project("{FAE04EC0-301F-11D3-BF4B-00C04F79EFBC}") = "if_elseStatement", "if_elseStatement\if_elseStatement.csproj", "{52A6EE3A-1A98-449F-98F4-557EDAE421AF}"
EndProject
Global
	GlobalSection(SolutionConfigurationPlatforms) = preSolution
		Debug|Any CPU = Debug|Any CPU
		Release|Any CPU = Release|Any CPU
	EndGlobalSection
	GlobalSection(ProjectConfigurationPlatforms) = postSolution
		{52A6EE3A-1A98-449F-98F4-557EDAE421AF}.Debug|Any CPU.ActiveCfg = Debug|Any CPU
		{52A6EE3A-1A98-449F-98F4-557EDAE421AF}.Debug|Any CPU.Build.0 = Debug|Any CPU
		{52A6EE3A-1A98-449F-98F4-557EDAE421AF}.Release|Any CPU.ActiveCfg = Release|Any CPU
		{52A6EE3A-1A98-449F-98F4-557EDAE421AF}.Release|Any CPU.Build.0 = Release|Any CPU
	EndGlobalSection
	GlobalSection(SolutionProperties) = preSolution
		HideSolutionNode = FALSE
	EndGlobalSection
	GlobalSection(ExtensibilityGlobals) = postSolution
		SolutionGuid = {7368CEE8-1B6A-4BB1-8CF9-D6B0AFD5B2D2}
	EndGlobalSection
EndGlobal
