Microsoft Visual Studio Solution File, Format Version 12.00
# Visual Studio Version 17
VisualStudioVersion = 17.13.35825.156
MinimumVisualStudioVersion = 10.0.40219.1
Project("{FAE04EC0-301F-11D3-BF4B-00C04F79EFBC}") = "ifElsesttement", "ifElsesttement\ifElsesttement.csproj", "{BB83AFEC-C327-4583-B7ED-CC6BDA418843}"
EndProject
Global
	GlobalSection(SolutionConfigurationPlatforms) = preSolution
		Debug|Any CPU = Debug|Any CPU
		Release|Any CPU = Release|Any CPU
	EndGlobalSection
	GlobalSection(ProjectConfigurationPlatforms) = postSolution
		{BB83AFEC-C327-4583-B7ED-CC6BDA418843}.Debug|Any CPU.ActiveCfg = Debug|Any CPU
		{BB83AFEC-C327-4583-B7ED-CC6BDA418843}.Debug|Any CPU.Build.0 = Debug|Any CPU
		{BB83AFEC-C327-4583-B7ED-CC6BDA418843}.Release|Any CPU.ActiveCfg = Release|Any CPU
		{BB83AFEC-C327-4583-B7ED-CC6BDA418843}.Release|Any CPU.Build.0 = Release|Any CPU
	EndGlobalSection
	GlobalSection(SolutionProperties) = preSolution
		HideSolutionNode = FALSE
	EndGlobalSection
	GlobalSection(ExtensibilityGlobals) = postSolution
		SolutionGuid = {11A007AE-8B19-4352-B19A-7094DB585799}
	EndGlobalSection
EndGlobal
